// !$*UTF8*$!
{
	archiveVersion = 1;
	classes = {
	};
	objectVersion = 56;
	objects = {

/* Begin PBXBuildFile section */
		64A504CE2A90790C00627851 /* TLButton.swift in Sources */ = {isa = PBXBuildFile; fileRef = 64A504CD2A90790B00627851 /* TLButton.swift */; };
		64B62E452A904F2300F3C193 /* __swiftConcepts_firebaseAuth_todoApp.swift in Sources */ = {isa = PBXBuildFile; fileRef = 64B62E442A904F2300F3C193 /* __swiftConcepts_firebaseAuth_todoApp.swift */; };
		64B62E492A904F2500F3C193 /* Assets.xcassets in Resources */ = {isa = PBXBuildFile; fileRef = 64B62E482A904F2500F3C193 /* Assets.xcassets */; };
		64B62E4D2A904F2500F3C193 /* Preview Assets.xcassets in Resources */ = {isa = PBXBuildFile; fileRef = 64B62E4C2A904F2500F3C193 /* Preview Assets.xcassets */; };
		64B62E552A90547600F3C193 /* FirebaseAuth in Frameworks */ = {isa = PBXBuildFile; productRef = 64B62E542A90547600F3C193 /* FirebaseAuth */; };
		64B62E572A90547600F3C193 /* FirebaseFirestore in Frameworks */ = {isa = PBXBuildFile; productRef = 64B62E562A90547600F3C193 /* FirebaseFirestore */; };
		64B62E592A90547600F3C193 /* FirebaseFirestoreSwift in Frameworks */ = {isa = PBXBuildFile; productRef = 64B62E582A90547600F3C193 /* FirebaseFirestoreSwift */; };
		64B62E5B2A90569900F3C193 /* GoogleService-Info.plist in Resources */ = {isa = PBXBuildFile; fileRef = 64B62E5A2A90569900F3C193 /* GoogleService-Info.plist */; };
		64B62E612A905E0000F3C193 /* MainView.swift in Sources */ = {isa = PBXBuildFile; fileRef = 64B62E602A905E0000F3C193 /* MainView.swift */; };
		64B62E632A905E3200F3C193 /* ProfileView.swift in Sources */ = {isa = PBXBuildFile; fileRef = 64B62E622A905E3200F3C193 /* ProfileView.swift */; };
		64B62E652A905E5600F3C193 /* ToDoListView.swift in Sources */ = {isa = PBXBuildFile; fileRef = 64B62E642A905E5600F3C193 /* ToDoListView.swift */; };
		64B62E672A905EBC00F3C193 /* ToDoListItemView.swift in Sources */ = {isa = PBXBuildFile; fileRef = 64B62E662A905EBC00F3C193 /* ToDoListItemView.swift */; };
		64B62E692A905ECC00F3C193 /* NewItemView.swift in Sources */ = {isa = PBXBuildFile; fileRef = 64B62E682A905ECC00F3C193 /* NewItemView.swift */; };
		64B62E6B2A905EDC00F3C193 /* LoginView.swift in Sources */ = {isa = PBXBuildFile; fileRef = 64B62E6A2A905EDC00F3C193 /* LoginView.swift */; };
		64B62E6D2A905EE700F3C193 /* RegisterView.swift in Sources */ = {isa = PBXBuildFile; fileRef = 64B62E6C2A905EE700F3C193 /* RegisterView.swift */; };
		64B62E6F2A90627000F3C193 /* User.swift in Sources */ = {isa = PBXBuildFile; fileRef = 64B62E6E2A90627000F3C193 /* User.swift */; };
		64B62E712A90627E00F3C193 /* ToDoListItem.swift in Sources */ = {isa = PBXBuildFile; fileRef = 64B62E702A90627E00F3C193 /* ToDoListItem.swift */; };
		64B62E732A9062CF00F3C193 /* MainViewViewModel.swift in Sources */ = {isa = PBXBuildFile; fileRef = 64B62E722A9062CF00F3C193 /* MainViewViewModel.swift */; };
		64B62E752A9062E100F3C193 /* ProfileViewViewModel.swift in Sources */ = {isa = PBXBuildFile; fileRef = 64B62E742A9062E100F3C193 /* ProfileViewViewModel.swift */; };
		64B62E772A9062F100F3C193 /* ToDoListViewViewModel.swift in Sources */ = {isa = PBXBuildFile; fileRef = 64B62E762A9062F100F3C193 /* ToDoListViewViewModel.swift */; };
		64B62E792A90630B00F3C193 /* ToDoListItemViewViewModel.swift in Sources */ = {isa = PBXBuildFile; fileRef = 64B62E782A90630B00F3C193 /* ToDoListItemViewViewModel.swift */; };
		64B62E7B2A90631800F3C193 /* NewItemViewViewModel.swift in Sources */ = {isa = PBXBuildFile; fileRef = 64B62E7A2A90631800F3C193 /* NewItemViewViewModel.swift */; };
		64B62E7D2A90632400F3C193 /* LoginViewViewModel.swift in Sources */ = {isa = PBXBuildFile; fileRef = 64B62E7C2A90632400F3C193 /* LoginViewViewModel.swift */; };
		64B62E7F2A90633000F3C193 /* RegisterViewViewModel.swift in Sources */ = {isa = PBXBuildFile; fileRef = 64B62E7E2A90633000F3C193 /* RegisterViewViewModel.swift */; };
		64B62E812A906BF500F3C193 /* HeaderView.swift in Sources */ = {isa = PBXBuildFile; fileRef = 64B62E802A906BF500F3C193 /* HeaderView.swift */; };
/* End PBXBuildFile section */

/* Begin PBXFileReference section */
		64A504CD2A90790B00627851 /* TLButton.swift */ = {isa = PBXFileReference; lastKnownFileType = sourcecode.swift; path = TLButton.swift; sourceTree = "<group>"; };
		64B62E412A904F2300F3C193 /* 5-swiftConcepts-firebaseAuth-todo.app */ = {isa = PBXFileReference; explicitFileType = wrapper.application; includeInIndex = 0; path = "5-swiftConcepts-firebaseAuth-todo.app"; sourceTree = BUILT_PRODUCTS_DIR; };
		64B62E442A904F2300F3C193 /* __swiftConcepts_firebaseAuth_todoApp.swift */ = {isa = PBXFileReference; lastKnownFileType = sourcecode.swift; path = __swiftConcepts_firebaseAuth_todoApp.swift; sourceTree = "<group>"; };
		64B62E482A904F2500F3C193 /* Assets.xcassets */ = {isa = PBXFileReference; lastKnownFileType = folder.assetcatalog; path = Assets.xcassets; sourceTree = "<group>"; };
		64B62E4A2A904F2500F3C193 /* __swiftConcepts_firebaseAuth_todo.entitlements */ = {isa = PBXFileReference; lastKnownFileType = text.plist.entitlements; path = __swiftConcepts_firebaseAuth_todo.entitlements; sourceTree = "<group>"; };
		64B62E4C2A904F2500F3C193 /* Preview Assets.xcassets */ = {isa = PBXFileReference; lastKnownFileType = folder.assetcatalog; path = "Preview Assets.xcassets"; sourceTree = "<group>"; };
		64B62E5A2A90569900F3C193 /* GoogleService-Info.plist */ = {isa = PBXFileReference; fileEncoding = 4; lastKnownFileType = text.plist.xml; path = "GoogleService-Info.plist"; sourceTree = "<group>"; };
		64B62E602A905E0000F3C193 /* MainView.swift */ = {isa = PBXFileReference; lastKnownFileType = sourcecode.swift; path = MainView.swift; sourceTree = "<group>"; };
		64B62E622A905E3200F3C193 /* ProfileView.swift */ = {isa = PBXFileReference; lastKnownFileType = sourcecode.swift; path = ProfileView.swift; sourceTree = "<group>"; };
		64B62E642A905E5600F3C193 /* ToDoListView.swift */ = {isa = PBXFileReference; lastKnownFileType = sourcecode.swift; path = ToDoListView.swift; sourceTree = "<group>"; };
		64B62E662A905EBC00F3C193 /* ToDoListItemView.swift */ = {isa = PBXFileReference; lastKnownFileType = sourcecode.swift; path = ToDoListItemView.swift; sourceTree = "<group>"; };
		64B62E682A905ECC00F3C193 /* NewItemView.swift */ = {isa = PBXFileReference; lastKnownFileType = sourcecode.swift; path = NewItemView.swift; sourceTree = "<group>"; };
		64B62E6A2A905EDC00F3C193 /* LoginView.swift */ = {isa = PBXFileReference; lastKnownFileType = sourcecode.swift; path = LoginView.swift; sourceTree = "<group>"; };
		64B62E6C2A905EE700F3C193 /* RegisterView.swift */ = {isa = PBXFileReference; lastKnownFileType = sourcecode.swift; path = RegisterView.swift; sourceTree = "<group>"; };
		64B62E6E2A90627000F3C193 /* User.swift */ = {isa = PBXFileReference; lastKnownFileType = sourcecode.swift; path = User.swift; sourceTree = "<group>"; };
		64B62E702A90627E00F3C193 /* ToDoListItem.swift */ = {isa = PBXFileReference; lastKnownFileType = sourcecode.swift; path = ToDoListItem.swift; sourceTree = "<group>"; };
		64B62E722A9062CF00F3C193 /* MainViewViewModel.swift */ = {isa = PBXFileReference; lastKnownFileType = sourcecode.swift; path = MainViewViewModel.swift; sourceTree = "<group>"; };
		64B62E742A9062E100F3C193 /* ProfileViewViewModel.swift */ = {isa = PBXFileReference; lastKnownFileType = sourcecode.swift; path = ProfileViewViewModel.swift; sourceTree = "<group>"; };
		64B62E762A9062F100F3C193 /* ToDoListViewViewModel.swift */ = {isa = PBXFileReference; lastKnownFileType = sourcecode.swift; path = ToDoListViewViewModel.swift; sourceTree = "<group>"; };
		64B62E782A90630B00F3C193 /* ToDoListItemViewViewModel.swift */ = {isa = PBXFileReference; lastKnownFileType = sourcecode.swift; path = ToDoListItemViewViewModel.swift; sourceTree = "<group>"; };
		64B62E7A2A90631800F3C193 /* NewItemViewViewModel.swift */ = {isa = PBXFileReference; lastKnownFileType = sourcecode.swift; path = NewItemViewViewModel.swift; sourceTree = "<group>"; };
		64B62E7C2A90632400F3C193 /* LoginViewViewModel.swift */ = {isa = PBXFileReference; lastKnownFileType = sourcecode.swift; path = LoginViewViewModel.swift; sourceTree = "<group>"; };
		64B62E7E2A90633000F3C193 /* RegisterViewViewModel.swift */ = {isa = PBXFileReference; lastKnownFileType = sourcecode.swift; path = RegisterViewViewModel.swift; sourceTree = "<group>"; };
		64B62E802A906BF500F3C193 /* HeaderView.swift */ = {isa = PBXFileReference; lastKnownFileType = sourcecode.swift; path = HeaderView.swift; sourceTree = "<group>"; };
/* End PBXFileReference section */

/* Begin PBXFrameworksBuildPhase section */
		64B62E3E2A904F2300F3C193 /* Frameworks */ = {
			isa = PBXFrameworksBuildPhase;
			buildActionMask = 2147483647;
			files = (
				64B62E552A90547600F3C193 /* FirebaseAuth in Frameworks */,
				64B62E572A90547600F3C193 /* FirebaseFirestore in Frameworks */,
				64B62E592A90547600F3C193 /* FirebaseFirestoreSwift in Frameworks */,
			);
			runOnlyForDeploymentPostprocessing = 0;
		};
/* End PBXFrameworksBuildPhase section */

/* Begin PBXGroup section */
		64B62E382A904F2300F3C193 = {
			isa = PBXGroup;
			children = (
				64B62E432A904F2300F3C193 /* 5-swiftConcepts-firebaseAuth-todo */,
				64B62E422A904F2300F3C193 /* Products */,
			);
			sourceTree = "<group>";
		};
		64B62E422A904F2300F3C193 /* Products */ = {
			isa = PBXGroup;
			children = (
				64B62E412A904F2300F3C193 /* 5-swiftConcepts-firebaseAuth-todo.app */,
			);
			name = Products;
			sourceTree = "<group>";
		};
		64B62E432A904F2300F3C193 /* 5-swiftConcepts-firebaseAuth-todo */ = {
			isa = PBXGroup;
			children = (
				64B62E5F2A905C4300F3C193 /* Other */,
				64B62E5E2A905BE400F3C193 /* Models */,
				64B62E5D2A905BC700F3C193 /* ViewModels */,
				64B62E5C2A905BC200F3C193 /* Views */,
				64B62E482A904F2500F3C193 /* Assets.xcassets */,
				64B62E4A2A904F2500F3C193 /* __swiftConcepts_firebaseAuth_todo.entitlements */,
				64B62E4B2A904F2500F3C193 /* Preview Content */,
			);
			path = "5-swiftConcepts-firebaseAuth-todo";
			sourceTree = "<group>";
		};
		64B62E4B2A904F2500F3C193 /* Preview Content */ = {
			isa = PBXGroup;
			children = (
				64B62E4C2A904F2500F3C193 /* Preview Assets.xcassets */,
			);
			path = "Preview Content";
			sourceTree = "<group>";
		};
		64B62E5C2A905BC200F3C193 /* Views */ = {
			isa = PBXGroup;
			children = (
				64B62E602A905E0000F3C193 /* MainView.swift */,
				64B62E622A905E3200F3C193 /* ProfileView.swift */,
				64B62E642A905E5600F3C193 /* ToDoListView.swift */,
				64B62E662A905EBC00F3C193 /* ToDoListItemView.swift */,
				64B62E682A905ECC00F3C193 /* NewItemView.swift */,
				64B62E6A2A905EDC00F3C193 /* LoginView.swift */,
				64B62E6C2A905EE700F3C193 /* RegisterView.swift */,
				64B62E802A906BF500F3C193 /* HeaderView.swift */,
				64A504CD2A90790B00627851 /* TLButton.swift */,
			);
			path = Views;
			sourceTree = "<group>";
		};
		64B62E5D2A905BC700F3C193 /* ViewModels */ = {
			isa = PBXGroup;
			children = (
				64B62E722A9062CF00F3C193 /* MainViewViewModel.swift */,
				64B62E742A9062E100F3C193 /* ProfileViewViewModel.swift */,
				64B62E762A9062F100F3C193 /* ToDoListViewViewModel.swift */,
				64B62E782A90630B00F3C193 /* ToDoListItemViewViewModel.swift */,
				64B62E7A2A90631800F3C193 /* NewItemViewViewModel.swift */,
				64B62E7C2A90632400F3C193 /* LoginViewViewModel.swift */,
				64B62E7E2A90633000F3C193 /* RegisterViewViewModel.swift */,
			);
			path = ViewModels;
			sourceTree = "<group>";
		};
		64B62E5E2A905BE400F3C193 /* Models */ = {
			isa = PBXGroup;
			children = (
				64B62E6E2A90627000F3C193 /* User.swift */,
				64B62E702A90627E00F3C193 /* ToDoListItem.swift */,
			);
			path = Models;
			sourceTree = "<group>";
		};
		64B62E5F2A905C4300F3C193 /* Other */ = {
			isa = PBXGroup;
			children = (
				64B62E5A2A90569900F3C193 /* GoogleService-Info.plist */,
				64B62E442A904F2300F3C193 /* __swiftConcepts_firebaseAuth_todoApp.swift */,
			);
			path = Other;
			sourceTree = "<group>";
		};
/* End PBXGroup section */

/* Begin PBXNativeTarget section */
		64B62E402A904F2300F3C193 /* 5-swiftConcepts-firebaseAuth-todo */ = {
			isa = PBXNativeTarget;
			buildConfigurationList = 64B62E502A904F2500F3C193 /* Build configuration list for PBXNativeTarget "5-swiftConcepts-firebaseAuth-todo" */;
			buildPhases = (
				64B62E3D2A904F2300F3C193 /* Sources */,
				64B62E3E2A904F2300F3C193 /* Frameworks */,
				64B62E3F2A904F2300F3C193 /* Resources */,
			);
			buildRules = (
			);
			dependencies = (
			);
			name = "5-swiftConcepts-firebaseAuth-todo";
			packageProductDependencies = (
				64B62E542A90547600F3C193 /* FirebaseAuth */,
				64B62E562A90547600F3C193 /* FirebaseFirestore */,
				64B62E582A90547600F3C193 /* FirebaseFirestoreSwift */,
			);
			productName = "5-swiftConcepts-firebaseAuth-todo";
			productReference = 64B62E412A904F2300F3C193 /* 5-swiftConcepts-firebaseAuth-todo.app */;
			productType = "com.apple.product-type.application";
		};
/* End PBXNativeTarget section */

/* Begin PBXProject section */
		64B62E392A904F2300F3C193 /* Project object */ = {
			isa = PBXProject;
			attributes = {
				BuildIndependentTargetsInParallel = 1;
				LastSwiftUpdateCheck = 1420;
				LastUpgradeCheck = 1420;
				TargetAttributes = {
					64B62E402A904F2300F3C193 = {
						CreatedOnToolsVersion = 14.2;
					};
				};
			};
			buildConfigurationList = 64B62E3C2A904F2300F3C193 /* Build configuration list for PBXProject "5-swiftConcepts-firebaseAuth-todo" */;
			compatibilityVersion = "Xcode 14.0";
			developmentRegion = en;
			hasScannedForEncodings = 0;
			knownRegions = (
				en,
				Base,
			);
			mainGroup = 64B62E382A904F2300F3C193;
			packageReferences = (
				64B62E532A90547600F3C193 /* XCRemoteSwiftPackageReference "firebase-ios-sdk" */,
			);
			productRefGroup = 64B62E422A904F2300F3C193 /* Products */;
			projectDirPath = "";
			projectRoot = "";
			targets = (
				64B62E402A904F2300F3C193 /* 5-swiftConcepts-firebaseAuth-todo */,
			);
		};
/* End PBXProject section */

/* Begin PBXResourcesBuildPhase section */
		64B62E3F2A904F2300F3C193 /* Resources */ = {
			isa = PBXResourcesBuildPhase;
			buildActionMask = 2147483647;
			files = (
				64B62E4D2A904F2500F3C193 /* Preview Assets.xcassets in Resources */,
				64B62E492A904F2500F3C193 /* Assets.xcassets in Resources */,
				64B62E5B2A90569900F3C193 /* GoogleService-Info.plist in Resources */,
			);
			runOnlyForDeploymentPostprocessing = 0;
		};
/* End PBXResourcesBuildPhase section */

/* Begin PBXSourcesBuildPhase section */
		64B62E3D2A904F2300F3C193 /* Sources */ = {
			isa = PBXSourcesBuildPhase;
			buildActionMask = 2147483647;
			files = (
				64B62E792A90630B00F3C193 /* ToDoListItemViewViewModel.swift in Sources */,
				64B62E812A906BF500F3C193 /* HeaderView.swift in Sources */,
				64B62E692A905ECC00F3C193 /* NewItemView.swift in Sources */,
				64B62E7F2A90633000F3C193 /* RegisterViewViewModel.swift in Sources */,
				64B62E6B2A905EDC00F3C193 /* LoginView.swift in Sources */,
				64B62E7D2A90632400F3C193 /* LoginViewViewModel.swift in Sources */,
				64B62E732A9062CF00F3C193 /* MainViewViewModel.swift in Sources */,
				64A504CE2A90790C00627851 /* TLButton.swift in Sources */,
				64B62E672A905EBC00F3C193 /* ToDoListItemView.swift in Sources */,
				64B62E612A905E0000F3C193 /* MainView.swift in Sources */,
				64B62E752A9062E100F3C193 /* ProfileViewViewModel.swift in Sources */,
				64B62E632A905E3200F3C193 /* ProfileView.swift in Sources */,
				64B62E6F2A90627000F3C193 /* User.swift in Sources */,
				64B62E6D2A905EE700F3C193 /* RegisterView.swift in Sources */,
				64B62E772A9062F100F3C193 /* ToDoListViewViewModel.swift in Sources */,
				64B62E652A905E5600F3C193 /* ToDoListView.swift in Sources */,
				64B62E7B2A90631800F3C193 /* NewItemViewViewModel.swift in Sources */,
				64B62E712A90627E00F3C193 /* ToDoListItem.swift in Sources */,
				64B62E452A904F2300F3C193 /* __swiftConcepts_firebaseAuth_todoApp.swift in Sources */,
			);
			runOnlyForDeploymentPostprocessing = 0;
		};
/* End PBXSourcesBuildPhase section */

/* Begin XCBuildConfiguration section */
		64B62E4E2A904F2500F3C193 /* Debug */ = {
			isa = XCBuildConfiguration;
			buildSettings = {
				ALWAYS_SEARCH_USER_PATHS = NO;
				CLANG_ANALYZER_NONNULL = YES;
				CLANG_ANALYZER_NUMBER_OBJECT_CONVERSION = YES_AGGRESSIVE;
				CLANG_CXX_LANGUAGE_STANDARD = "gnu++20";
				CLANG_ENABLE_MODULES = YES;
				CLANG_ENABLE_OBJC_ARC = YES;
				CLANG_ENABLE_OBJC_WEAK = YES;
				CLANG_WARN_BLOCK_CAPTURE_AUTORELEASING = YES;
				CLANG_WARN_BOOL_CONVERSION = YES;
				CLANG_WARN_COMMA = YES;
				CLANG_WARN_CONSTANT_CONVERSION = YES;
				CLANG_WARN_DEPRECATED_OBJC_IMPLEMENTATIONS = YES;
				CLANG_WARN_DIRECT_OBJC_ISA_USAGE = YES_ERROR;
				CLANG_WARN_DOCUMENTATION_COMMENTS = YES;
				CLANG_WARN_EMPTY_BODY = YES;
				CLANG_WARN_ENUM_CONVERSION = YES;
				CLANG_WARN_INFINITE_RECURSION = YES;
				CLANG_WARN_INT_CONVERSION = YES;
				CLANG_WARN_NON_LITERAL_NULL_CONVERSION = YES;
				CLANG_WARN_OBJC_IMPLICIT_RETAIN_SELF = YES;
				CLANG_WARN_OBJC_LITERAL_CONVERSION = YES;
				CLANG_WARN_OBJC_ROOT_CLASS = YES_ERROR;
				CLANG_WARN_QUOTED_INCLUDE_IN_FRAMEWORK_HEADER = YES;
				CLANG_WARN_RANGE_LOOP_ANALYSIS = YES;
				CLANG_WARN_STRICT_PROTOTYPES = YES;
				CLANG_WARN_SUSPICIOUS_MOVE = YES;
				CLANG_WARN_UNGUARDED_AVAILABILITY = YES_AGGRESSIVE;
				CLANG_WARN_UNREACHABLE_CODE = YES;
				CLANG_WARN__DUPLICATE_METHOD_MATCH = YES;
				COPY_PHASE_STRIP = NO;
				DEBUG_INFORMATION_FORMAT = dwarf;
				ENABLE_STRICT_OBJC_MSGSEND = YES;
				ENABLE_TESTABILITY = YES;
				GCC_C_LANGUAGE_STANDARD = gnu11;
				GCC_DYNAMIC_NO_PIC = NO;
				GCC_NO_COMMON_BLOCKS = YES;
				GCC_OPTIMIZATION_LEVEL = 0;
				GCC_PREPROCESSOR_DEFINITIONS = (
					"DEBUG=1",
					"$(inherited)",
				);
				GCC_WARN_64_TO_32_BIT_CONVERSION = YES;
				GCC_WARN_ABOUT_RETURN_TYPE = YES_ERROR;
				GCC_WARN_UNDECLARED_SELECTOR = YES;
				GCC_WARN_UNINITIALIZED_AUTOS = YES_AGGRESSIVE;
				GCC_WARN_UNUSED_FUNCTION = YES;
				GCC_WARN_UNUSED_VARIABLE = YES;
				MTL_ENABLE_DEBUG_INFO = INCLUDE_SOURCE;
				MTL_FAST_MATH = YES;
				ONLY_ACTIVE_ARCH = YES;
				SWIFT_ACTIVE_COMPILATION_CONDITIONS = DEBUG;
				SWIFT_OPTIMIZATION_LEVEL = "-Onone";
			};
			name = Debug;
		};
		64B62E4F2A904F2500F3C193 /* Release */ = {
			isa = XCBuildConfiguration;
			buildSettings = {
				ALWAYS_SEARCH_USER_PATHS = NO;
				CLANG_ANALYZER_NONNULL = YES;
				CLANG_ANALYZER_NUMBER_OBJECT_CONVERSION = YES_AGGRESSIVE;
				CLANG_CXX_LANGUAGE_STANDARD = "gnu++20";
				CLANG_ENABLE_MODULES = YES;
				CLANG_ENABLE_OBJC_ARC = YES;
				CLANG_ENABLE_OBJC_WEAK = YES;
				CLANG_WARN_BLOCK_CAPTURE_AUTORELEASING = YES;
				CLANG_WARN_BOOL_CONVERSION = YES;
				CLANG_WARN_COMMA = YES;
				CLANG_WARN_CONSTANT_CONVERSION = YES;
				CLANG_WARN_DEPRECATED_OBJC_IMPLEMENTATIONS = YES;
				CLANG_WARN_DIRECT_OBJC_ISA_USAGE = YES_ERROR;
				CLANG_WARN_DOCUMENTATION_COMMENTS = YES;
				CLANG_WARN_EMPTY_BODY = YES;
				CLANG_WARN_ENUM_CONVERSION = YES;
				CLANG_WARN_INFINITE_RECURSION = YES;
				CLANG_WARN_INT_CONVERSION = YES;
				CLANG_WARN_NON_LITERAL_NULL_CONVERSION = YES;
				CLANG_WARN_OBJC_IMPLICIT_RETAIN_SELF = YES;
				CLANG_WARN_OBJC_LITERAL_CONVERSION = YES;
				CLANG_WARN_OBJC_ROOT_CLASS = YES_ERROR;
				CLANG_WARN_QUOTED_INCLUDE_IN_FRAMEWORK_HEADER = YES;
				CLANG_WARN_RANGE_LOOP_ANALYSIS = YES;
				CLANG_WARN_STRICT_PROTOTYPES = YES;
				CLANG_WARN_SUSPICIOUS_MOVE = YES;
				CLANG_WARN_UNGUARDED_AVAILABILITY = YES_AGGRESSIVE;
				CLANG_WARN_UNREACHABLE_CODE = YES;
				CLANG_WARN__DUPLICATE_METHOD_MATCH = YES;
				COPY_PHASE_STRIP = NO;
				DEBUG_INFORMATION_FORMAT = "dwarf-with-dsym";
				ENABLE_NS_ASSERTIONS = NO;
				ENABLE_STRICT_OBJC_MSGSEND = YES;
				GCC_C_LANGUAGE_STANDARD = gnu11;
				GCC_NO_COMMON_BLOCKS = YES;
				GCC_WARN_64_TO_32_BIT_CONVERSION = YES;
				GCC_WARN_ABOUT_RETURN_TYPE = YES_ERROR;
				GCC_WARN_UNDECLARED_SELECTOR = YES;
				GCC_WARN_UNINITIALIZED_AUTOS = YES_AGGRESSIVE;
				GCC_WARN_UNUSED_FUNCTION = YES;
				GCC_WARN_UNUSED_VARIABLE = YES;
				MTL_ENABLE_DEBUG_INFO = NO;
				MTL_FAST_MATH = YES;
				SWIFT_COMPILATION_MODE = wholemodule;
				SWIFT_OPTIMIZATION_LEVEL = "-O";
			};
			name = Release;
		};
		64B62E512A904F2500F3C193 /* Debug */ = {
			isa = XCBuildConfiguration;
			buildSettings = {
				ASSETCATALOG_COMPILER_APPICON_NAME = AppIcon;
				ASSETCATALOG_COMPILER_GLOBAL_ACCENT_COLOR_NAME = AccentColor;
				CODE_SIGN_ENTITLEMENTS = "5-swiftConcepts-firebaseAuth-todo/__swiftConcepts_firebaseAuth_todo.entitlements";
				CODE_SIGN_STYLE = Automatic;
				CURRENT_PROJECT_VERSION = 1;
				DEVELOPMENT_ASSET_PATHS = "\"5-swiftConcepts-firebaseAuth-todo/Preview Content\"";
				ENABLE_PREVIEWS = YES;
				GENERATE_INFOPLIST_FILE = YES;
				"INFOPLIST_KEY_UIApplicationSceneManifest_Generation[sdk=iphoneos*]" = YES;
				"INFOPLIST_KEY_UIApplicationSceneManifest_Generation[sdk=iphonesimulator*]" = YES;
				"INFOPLIST_KEY_UIApplicationSupportsIndirectInputEvents[sdk=iphoneos*]" = YES;
				"INFOPLIST_KEY_UIApplicationSupportsIndirectInputEvents[sdk=iphonesimulator*]" = YES;
				"INFOPLIST_KEY_UILaunchScreen_Generation[sdk=iphoneos*]" = YES;
				"INFOPLIST_KEY_UILaunchScreen_Generation[sdk=iphonesimulator*]" = YES;
				"INFOPLIST_KEY_UIStatusBarStyle[sdk=iphoneos*]" = UIStatusBarStyleDefault;
				"INFOPLIST_KEY_UIStatusBarStyle[sdk=iphonesimulator*]" = UIStatusBarStyleDefault;
				INFOPLIST_KEY_UISupportedInterfaceOrientations = UIInterfaceOrientationPortrait;
				INFOPLIST_KEY_UISupportedInterfaceOrientations_iPad = "UIInterfaceOrientationLandscapeLeft UIInterfaceOrientationLandscapeRight UIInterfaceOrientationPortrait UIInterfaceOrientationPortraitUpsideDown";
				IPHONEOS_DEPLOYMENT_TARGET = 16.2;
				LD_RUNPATH_SEARCH_PATHS = "@executable_path/Frameworks";
				"LD_RUNPATH_SEARCH_PATHS[sdk=macosx*]" = "@executable_path/../Frameworks";
				MACOSX_DEPLOYMENT_TARGET = 12.6;
				MARKETING_VERSION = 1.0;
				PRODUCT_BUNDLE_IDENTIFIER = "ai.cherrypick.--swiftConcepts-firebaseAuth-todo";
				PRODUCT_NAME = "$(TARGET_NAME)";
				SDKROOT = auto;
				SUPPORTED_PLATFORMS = "iphoneos iphonesimulator macosx";
				SWIFT_EMIT_LOC_STRINGS = YES;
				SWIFT_VERSION = 5.0;
				TARGETED_DEVICE_FAMILY = "1,2";
			};
			name = Debug;
		};
		64B62E522A904F2500F3C193 /* Release */ = {
			isa = XCBuildConfiguration;
			buildSettings = {
				ASSETCATALOG_COMPILER_APPICON_NAME = AppIcon;
				ASSETCATALOG_COMPILER_GLOBAL_ACCENT_COLOR_NAME = AccentColor;
				CODE_SIGN_ENTITLEMENTS = "5-swiftConcepts-firebaseAuth-todo/__swiftConcepts_firebaseAuth_todo.entitlements";
				CODE_SIGN_STYLE = Automatic;
				CURRENT_PROJECT_VERSION = 1;
				DEVELOPMENT_ASSET_PATHS = "\"5-swiftConcepts-firebaseAuth-todo/Preview Content\"";
				ENABLE_PREVIEWS = YES;
				GENERATE_INFOPLIST_FILE = YES;
				"INFOPLIST_KEY_UIApplicationSceneManifest_Generation[sdk=iphoneos*]" = YES;
				"INFOPLIST_KEY_UIApplicationSceneManifest_Generation[sdk=iphonesimulator*]" = YES;
				"INFOPLIST_KEY_UIApplicationSupportsIndirectInputEvents[sdk=iphoneos*]" = YES;
				"INFOPLIST_KEY_UIApplicationSupportsIndirectInputEvents[sdk=iphonesimulator*]" = YES;
				"INFOPLIST_KEY_UILaunchScreen_Generation[sdk=iphoneos*]" = YES;
				"INFOPLIST_KEY_UILaunchScreen_Generation[sdk=iphonesimulator*]" = YES;
				"INFOPLIST_KEY_UIStatusBarStyle[sdk=iphoneos*]" = UIStatusBarStyleDefault;
				"INFOPLIST_KEY_UIStatusBarStyle[sdk=iphonesimulator*]" = UIStatusBarStyleDefault;
				INFOPLIST_KEY_UISupportedInterfaceOrientations = UIInterfaceOrientationPortrait;
				INFOPLIST_KEY_UISupportedInterfaceOrientations_iPad = "UIInterfaceOrientationLandscapeLeft UIInterfaceOrientationLandscapeRight UIInterfaceOrientationPortrait UIInterfaceOrientationPortraitUpsideDown";
				IPHONEOS_DEPLOYMENT_TARGET = 16.2;
				LD_RUNPATH_SEARCH_PATHS = "@executable_path/Frameworks";
				"LD_RUNPATH_SEARCH_PATHS[sdk=macosx*]" = "@executable_path/../Frameworks";
				MACOSX_DEPLOYMENT_TARGET = 12.6;
				MARKETING_VERSION = 1.0;
				PRODUCT_BUNDLE_IDENTIFIER = "ai.cherrypick.--swiftConcepts-firebaseAuth-todo";
				PRODUCT_NAME = "$(TARGET_NAME)";
				SDKROOT = auto;
				SUPPORTED_PLATFORMS = "iphoneos iphonesimulator macosx";
				SWIFT_EMIT_LOC_STRINGS = YES;
				SWIFT_VERSION = 5.0;
				TARGETED_DEVICE_FAMILY = "1,2";
			};
			name = Release;
		};
/* End XCBuildConfiguration section */

/* Begin XCConfigurationList section */
		64B62E3C2A904F2300F3C193 /* Build configuration list for PBXProject "5-swiftConcepts-firebaseAuth-todo" */ = {
			isa = XCConfigurationList;
			buildConfigurations = (
				64B62E4E2A904F2500F3C193 /* Debug */,
				64B62E4F2A904F2500F3C193 /* Release */,
			);
			defaultConfigurationIsVisible = 0;
			defaultConfigurationName = Release;
		};
		64B62E502A904F2500F3C193 /* Build configuration list for PBXNativeTarget "5-swiftConcepts-firebaseAuth-todo" */ = {
			isa = XCConfigurationList;
			buildConfigurations = (
				64B62E512A904F2500F3C193 /* Debug */,
				64B62E522A904F2500F3C193 /* Release */,
			);
			defaultConfigurationIsVisible = 0;
			defaultConfigurationName = Release;
		};
/* End XCConfigurationList section */

/* Begin XCRemoteSwiftPackageReference section */
		64B62E532A90547600F3C193 /* XCRemoteSwiftPackageReference "firebase-ios-sdk" */ = {
			isa = XCRemoteSwiftPackageReference;
			repositoryURL = "https://github.com/firebase/firebase-ios-sdk";
			requirement = {
				kind = upToNextMajorVersion;
				minimumVersion = 9.0.0;
			};
		};
/* End XCRemoteSwiftPackageReference section */

/* Begin XCSwiftPackageProductDependency section */
		64B62E542A90547600F3C193 /* FirebaseAuth */ = {
			isa = XCSwiftPackageProductDependency;
			package = 64B62E532A90547600F3C193 /* XCRemoteSwiftPackageReference "firebase-ios-sdk" */;
			productName = FirebaseAuth;
		};
		64B62E562A90547600F3C193 /* FirebaseFirestore */ = {
			isa = XCSwiftPackageProductDependency;
			package = 64B62E532A90547600F3C193 /* XCRemoteSwiftPackageReference "firebase-ios-sdk" */;
			productName = FirebaseFirestore;
		};
		64B62E582A90547600F3C193 /* FirebaseFirestoreSwift */ = {
			isa = XCSwiftPackageProductDependency;
			package = 64B62E532A90547600F3C193 /* XCRemoteSwiftPackageReference "firebase-ios-sdk" */;
			productName = FirebaseFirestoreSwift;
		};
/* End XCSwiftPackageProductDependency section */
	};
	rootObject = 64B62E392A904F2300F3C193 /* Project object */;
}
